
Microsoft Visual Studio Solution File, Format Version 12.00
# Visual Studio Version 17
VisualStudioVersion = 17.6.33712.159
MinimumVisualStudioVersion = 10.0.40219.1
Project("{9A19103F-16F7-4668-BE54-9A1E7A4F7556}") = "FileManagerLibrary", "FileManagerLibrary\FileManagerLibrary.csproj", "{828EC845-92D3-4614-8B05-BF2E4B2207D5}"
EndProject
Project("{9A19103F-16F7-4668-BE54-9A1E7A4F7556}") = "Client", "Client\Client.csproj", "{B2D5992F-00E9-4190-9245-796595337EF3}"
EndProject
Project("{FAE04EC0-301F-11D3-BF4B-00C04F79EFBC}") = "TestFileManagerLibrary", "TestFileManagerLibrary\TestFileManagerLibrary.csproj", "{565D22BB-000A-4ACF-B743-5B0247140CCD}"
EndProject
Global
	GlobalSection(SolutionConfigurationPlatforms) = preSolution
		Debug|Any CPU = Debug|Any CPU
		Release|Any CPU = Release|Any CPU
	EndGlobalSection
	GlobalSection(ProjectConfigurationPlatforms) = postSolution
		{828EC845-92D3-4614-8B05-BF2E4B2207D5}.Debug|Any CPU.ActiveCfg = Debug|Any CPU
		{828EC845-92D3-4614-8B05-BF2E4B2207D5}.Debug|Any CPU.Build.0 = Debug|Any CPU
		{828EC845-92D3-4614-8B05-BF2E4B2207D5}.Release|Any CPU.ActiveCfg = Release|Any CPU
		{828EC845-92D3-4614-8B05-BF2E4B2207D5}.Release|Any CPU.Build.0 = Release|Any CPU
		{B2D5992F-00E9-4190-9245-796595337EF3}.Debug|Any CPU.ActiveCfg = Debug|Any CPU
		{B2D5992F-00E9-4190-9245-796595337EF3}.Debug|Any CPU.Build.0 = Debug|Any CPU
		{B2D5992F-00E9-4190-9245-796595337EF3}.Release|Any CPU.ActiveCfg = Release|Any CPU
		{B2D5992F-00E9-4190-9245-796595337EF3}.Release|Any CPU.Build.0 = Release|Any CPU
		{565D22BB-000A-4ACF-B743-5B0247140CCD}.Debug|Any CPU.ActiveCfg = Debug|Any CPU
		{565D22BB-000A-4ACF-B743-5B0247140CCD}.Debug|Any CPU.Build.0 = Debug|Any CPU
		{565D22BB-000A-4ACF-B743-5B0247140CCD}.Release|Any CPU.ActiveCfg = Release|Any CPU
		{565D22BB-000A-4ACF-B743-5B0247140CCD}.Release|Any CPU.Build.0 = Release|Any CPU
	EndGlobalSection
	GlobalSection(SolutionProperties) = preSolution
		HideSolutionNode = FALSE
	EndGlobalSection
	GlobalSection(ExtensibilityGlobals) = postSolution
		SolutionGuid = {48522511-0654-4FB2-AC37-E0E9FA89DCAA}
	EndGlobalSection
EndGlobal
